<?xml version="1.0" encoding="utf-8"?>
<Project ToolsVersion="4.0" xmlns="http://schemas.microsoft.com/developer/msbuild/2003">
  <ItemGroup>
    <Filter Include="Source Files">
      <UniqueIdentifier>{4FC737F1-C7A5-4376-A066-2A32D752A2FF}</UniqueIdentifier>
      <Extensions>cpp;c;cc;cxx;def;odl;idl;hpj;bat;asm;asmx</Extensions>
    </Filter>
    <Filter Include="Header Files">
      <UniqueIdentifier>{93995380-89BD-4b04-88EB-625FBE52EBFB}</UniqueIdentifier>
      <Extensions>h;hpp;hxx;hm;inl;inc;xsd</Extensions>
    </Filter>
    <Filter Include="Resource Files">
      <UniqueIdentifier>{67DA6AB6-F800-4c08-8B7A-83BB121AAD01}</UniqueIdentifier>
      <Extensions>rc;ico;cur;bmp;dlg;rc2;rct;bin;rgs;gif;jpg;jpeg;jpe;resx;tiff;tif;png;wav;mfcribbon-ms</Extensions>
    </Filter>
  </ItemGroup>
  <ItemGroup>
    <ClCompile Include="..\src\config.cpp">
      <Filter>Source Files</Filter>
    </ClCompile>
    <ClCompile Include="..\src\cs_mgr.cpp">
      <Filter>Source Files</Filter>
    </ClCompile>
    <ClCompile Include="..\src\debug.cpp">
      <Filter>Source Files</Filter>
    </ClCompile>
    <ClCompile Include="..\src\defs.cpp">
      <Filter>Source Files</Filter>
    </ClCompile>
    <ClCompile Include="..\src\edgedlg.cpp">
      <Filter>Source Files</Filter>
    </ClCompile>
    <ClCompile Include="..\src\error.cpp">
      <Filter>Source Files</Filter>
    </ClCompile>
    <ClCompile Include="..\src\global_data.cpp">
      <Filter>Source Files</Filter>
    </ClCompile>
    <ClCompile Include="..\src\groupdlg.cpp">
      <Filter>Source Files</Filter>
    </ClCompile>
    <ClCompile Include="..\src\handyrun.cpp">
      <Filter>Source Files</Filter>
    </ClCompile>
    <ClCompile Include="..\src\helper.cpp">
      <Filter>Source Files</Filter>
    </ClCompile>
    <ClCompile Include="..\src\hotkey_waker.cpp">
      <Filter>Source Files</Filter>
    </ClCompile>
    <ClCompile Include="..\src\icondlg.cpp">
      <Filter>Source Files</Filter>
    </ClCompile>
    <ClCompile Include="..\src\importdlg.cpp">
      <Filter>Source Files</Filter>
    </ClCompile>
    <ClCompile Include="..\src\inputdlg.cpp">
      <Filter>Source Files</Filter>
    </ClCompile>
    <ClCompile Include="..\src\layout.cpp">
      <Filter>Source Files</Filter>
    </ClCompile>
    <ClCompile Include="..\src\log.cpp">
      <Filter>Source Files</Filter>
    </ClCompile>
    <ClCompile Include="..\src\path_lister.cpp">
      <Filter>Source Files</Filter>
    </ClCompile>
    <ClCompile Include="..\src\prog.cpp">
      <Filter>Source Files</Filter>
    </ClCompile>
    <ClCompile Include="..\src\progdlg.cpp">
      <Filter>Source Files</Filter>
    </ClCompile>
    <ClCompile Include="..\src\RunDlg.cpp">
      <Filter>Source Files</Filter>
    </ClCompile>
    <ClCompile Include="..\src\stdafx.cpp">
      <Filter>Source Files</Filter>
    </ClCompile>
    <ClCompile Include="..\src\tipdlg.cpp">
      <Filter>Source Files</Filter>
    </ClCompile>
  </ItemGroup>
  <ItemGroup>
    <ResourceCompile Include="..\src\handyrun.rc">
      <Filter>Resource Files</Filter>
    </ResourceCompile>
  </ItemGroup>
  <ItemGroup>
    <ClInclude Include="..\src\stdafx.h">
      <Filter>Header Files</Filter>
    </ClInclude>
    <ClInclude Include="..\src\codesuggestpane.h">
      <Filter>Header Files</Filter>
    </ClInclude>
    <ClInclude Include="..\src\compilerconf.h">
      <Filter>Header Files</Filter>
    </ClInclude>
    <ClInclude Include="..\src\config.h">
      <Filter>Header Files</Filter>
    </ClInclude>
    <ClInclude Include="..\src\cs_mgr.h">
      <Filter>Header Files</Filter>
    </ClInclude>
    <ClInclude Include="..\src\custombkdlg.h">
      <Filter>Header Files</Filter>
    </ClInclude>
    <ClInclude Include="..\src\debug.h">
      <Filter>Header Files</Filter>
    </ClInclude>
    <ClInclude Include="..\src\defs.h">
      <Filter>Header Files</Filter>
    </ClInclude>
    <ClInclude Include="..\src\droptargetimpl.h">
      <Filter>Header Files</Filter>
    </ClInclude>
    <ClInclude Include="..\src\edgedlg.h">
      <Filter>Header Files</Filter>
    </ClInclude>
    <ClInclude Include="..\src\error.h">
      <Filter>Header Files</Filter>
    </ClInclude>
    <ClInclude Include="..\src\geometry.h">
      <Filter>Header Files</Filter>
    </ClInclude>
    <ClInclude Include="..\src\global_data.h">
      <Filter>Header Files</Filter>
    </ClInclude>
    <ClInclude Include="..\src\groupdlg.h">
      <Filter>Header Files</Filter>
    </ClInclude>
    <ClInclude Include="..\src\helper.h">
      <Filter>Header Files</Filter>
    </ClInclude>
    <ClInclude Include="..\src\hotkey_waker.h">
      <Filter>Header Files</Filter>
    </ClInclude>
    <ClInclude Include="..\src\icondlg.h">
      <Filter>Header Files</Filter>
    </ClInclude>
    <ClInclude Include="..\src\imagedc.h">
      <Filter>Header Files</Filter>
    </ClInclude>
    <ClInclude Include="..\src\importdlg.h">
      <Filter>Header Files</Filter>
    </ClInclude>
    <ClInclude Include="..\src\inputdlg.h">
      <Filter>Header Files</Filter>
    </ClInclude>
    <ClInclude Include="..\src\layout.h">
      <Filter>Header Files</Filter>
    </ClInclude>
    <ClInclude Include="..\src\log.h">
      <Filter>Header Files</Filter>
    </ClInclude>
    <ClInclude Include="..\src\msgdebuger.h">
      <Filter>Header Files</Filter>
    </ClInclude>
    <ClInclude Include="..\src\path_lister.h">
      <Filter>Header Files</Filter>
    </ClInclude>
    <ClInclude Include="..\src\prog.h">
      <Filter>Header Files</Filter>
    </ClInclude>
    <ClInclude Include="..\src\progdlg.h">
      <Filter>Header Files</Filter>
    </ClInclude>
    <ClInclude Include="..\src\regiontipdlg.h">
      <Filter>Header Files</Filter>
    </ClInclude>
    <ClInclude Include="..\src\resource.h">
      <Filter>Header Files</Filter>
    </ClInclude>
    <ClInclude Include="..\src\RunDlg.h">
      <Filter>Header Files</Filter>
    </ClInclude>
    <ClInclude Include="..\src\TipDlg.h">
      <Filter>Header Files</Filter>
    </ClInclude>
    <ClInclude Include="..\src\TransparentEdit.h">
      <Filter>Header Files</Filter>
    </ClInclude>
    <ClInclude Include="..\src\aboutdlg.h">
      <Filter>Header Files</Filter>
    </ClInclude>
  </ItemGroup>
  <ItemGroup>
    <Image Include="..\src\res\running.ico">
      <Filter>Resource Files</Filter>
    </Image>
    <Image Include="..\src\res\ud.bmp">
      <Filter>Resource Files</Filter>
    </Image>
    <Image Include="..\src\res\quick_launch.bmp">
      <Filter>Resource Files</Filter>
    </Image>
  </ItemGroup>
</Project>